{
  "name": "tybalt-client",
  "version": "1.0.0",
  "lockfileVersion": 2,
  "requires": true,
  "packages": {
    "": {
      "name": "tybalt-client",
      "version": "1.0.0",
      "license": "ISC",
      "devDependencies": {
        "@tybalt/core": "^0.0.1",
        "@tybalt/test-utils": "^0.0.1",
        "@tybalt/validator": "^0.0.1"
      }
    },
    "node_modules/@tybalt/core": {
      "version": "0.0.1",
      "resolved": "https://registry.npmjs.org/@tybalt/core/-/core-0.0.1.tgz",
      "integrity": "sha512-8bjle8+ZzkacE/DToH+r7aOQWY8bKwGzgYWB+h/ehDkmpPHmSrqiK/TN26h/hOIFza0AGJRGya+Y1TYvPg3rpQ==",
      "dev": true,
      "dependencies": {
        "@tybalt/validator": "^0.0.1",
        "core-js": "^3.26.0"
      }
    },
    "node_modules/@tybalt/test-utils": {
      "version": "0.0.1",
      "resolved": "https://registry.npmjs.org/@tybalt/test-utils/-/test-utils-0.0.1.tgz",
      "integrity": "sha512-lfbKAbxDmA82lnbzpJfBxY9zphfMkbOIOahTBQHzWAILfthpnPnP5wSf9qsAiD5V7jUJXztTmlr3hg6wWNyT0g==",
      "dev": true,
      "dependencies": {
        "js-convert-case": "^4.2.0",
        "uuid": "^9.0.0"
      }
    },
    "node_modules/@tybalt/validator": {
      "version": "0.0.1",
      "resolved": "https://registry.npmjs.org/@tybalt/validator/-/validator-0.0.1.tgz",
      "integrity": "sha512-+KFZI6EeWsgemaAkeZ6Wmjs/yIh4KUxQvSXALxGq53I7zVSzOl9QcJM1k0umuNMY/p6KWV6531aksh2CY1t+Pw==",
      "dev": true
    },
    "node_modules/core-js": {
      "version": "3.26.1",
      "resolved": "https://registry.npmjs.org/core-js/-/core-js-3.26.1.tgz",
      "integrity": "sha512-21491RRQVzUn0GGM9Z1Jrpr6PNPxPi+Za8OM9q4tksTSnlbXXGKK1nXNg/QvwFYettXvSX6zWKCtHHfjN4puyA==",
      "dev": true,
      "hasInstallScript": true,
      "funding": {
        "type": "opencollective",
        "url": "https://opencollective.com/core-js"
      }
    },
    "node_modules/js-convert-case": {
      "version": "4.2.0",
      "resolved": "https://registry.npmjs.org/js-convert-case/-/js-convert-case-4.2.0.tgz",
      "integrity": "sha512-i4mHCxiBNj6ajjMnZnC70qAOMA8gb+YgYipy2VR7a+Q5EBgEQ2/SgSAUBdNEyObk++B4AIUiFWeDEX2ggOd8cQ==",
      "dev": true
    },
    "node_modules/uuid": {
      "version": "9.0.0",
      "resolved": "https://registry.npmjs.org/uuid/-/uuid-9.0.0.tgz",
      "integrity": "sha512-MXcSTerfPa4uqyzStbRoTgt5XIe3x5+42+q1sDuy3R5MDk66URdLMOZe5aPX/SQd+kuYAh0FdP/pO28IkQyTeg==",
      "dev": true,
      "bin": {
        "uuid": "dist/bin/uuid"
      }
    }
  },
  "dependencies": {
    "@tybalt/core": {
      "version": "0.0.1",
      "resolved": "https://registry.npmjs.org/@tybalt/core/-/core-0.0.1.tgz",
      "integrity": "sha512-8bjle8+ZzkacE/DToH+r7aOQWY8bKwGzgYWB+h/ehDkmpPHmSrqiK/TN26h/hOIFza0AGJRGya+Y1TYvPg3rpQ==",
      "dev": true,
      "requires": {
        "@tybalt/validator": "^0.0.1",
        "core-js": "^3.26.0"
      }
    },
    "@tybalt/test-utils": {
      "version": "0.0.1",
      "resolved": "https://registry.npmjs.org/@tybalt/test-utils/-/test-utils-0.0.1.tgz",
      "integrity": "sha512-lfbKAbxDmA82lnbzpJfBxY9zphfMkbOIOahTBQHzWAILfthpnPnP5wSf9qsAiD5V7jUJXztTmlr3hg6wWNyT0g==",
      "dev": true,
      "requires": {
        "js-convert-case": "^4.2.0",
        "uuid": "^9.0.0"
      }
    },
    "@tybalt/validator": {
      "version": "0.0.1",
      "resolved": "https://registry.npmjs.org/@tybalt/validator/-/validator-0.0.1.tgz",
      "integrity": "sha512-+KFZI6EeWsgemaAkeZ6Wmjs/yIh4KUxQvSXALxGq53I7zVSzOl9QcJM1k0umuNMY/p6KWV6531aksh2CY1t+Pw==",
      "dev": true
    },
    "core-js": {
      "version": "3.26.1",
      "resolved": "https://registry.npmjs.org/core-js/-/core-js-3.26.1.tgz",
      "integrity": "sha512-21491RRQVzUn0GGM9Z1Jrpr6PNPxPi+Za8OM9q4tksTSnlbXXGKK1nXNg/QvwFYettXvSX6zWKCtHHfjN4puyA==",
      "dev": true
    },
    "js-convert-case": {
      "version": "4.2.0",
      "resolved": "https://registry.npmjs.org/js-convert-case/-/js-convert-case-4.2.0.tgz",
      "integrity": "sha512-i4mHCxiBNj6ajjMnZnC70qAOMA8gb+YgYipy2VR7a+Q5EBgEQ2/SgSAUBdNEyObk++B4AIUiFWeDEX2ggOd8cQ==",
      "dev": true
    },
    "uuid": {
      "version": "9.0.0",
      "resolved": "https://registry.npmjs.org/uuid/-/uuid-9.0.0.tgz",
      "integrity": "sha512-MXcSTerfPa4uqyzStbRoTgt5XIe3x5+42+q1sDuy3R5MDk66URdLMOZe5aPX/SQd+kuYAh0FdP/pO28IkQyTeg==",
      "dev": true
    }
  }
}
